
Microsoft Visual Studio Solution File, Format Version 12.00
# Visual Studio Version 16
VisualStudioVersion = 16.0.28803.452
MinimumVisualStudioVersion = 10.0.40219.1
Project("{9A19103F-16F7-4668-BE54-9A1E7A4F7556}") = "OddEvenTriangleSum", "OddEvenTriangleSum\OddEvenTriangleSum.csproj", "{ABD8D603-8BAA-48AB-BBE3-C128075B27A2}"
EndProject
Project("{FAE04EC0-301F-11D3-BF4B-00C04F79EFBC}") = "OddEvenTriangleSumTests", "OddEvenTriangleSumTests\OddEvenTriangleSumTests.csproj", "{9654391D-4742-4963-BF74-BD407FA072FB}"
EndProject
Global
	GlobalSection(SolutionConfigurationPlatforms) = preSolution
		Debug|Any CPU = Debug|Any CPU
		Release|Any CPU = Release|Any CPU
	EndGlobalSection
	GlobalSection(ProjectConfigurationPlatforms) = postSolution
		{ABD8D603-8BAA-48AB-BBE3-C128075B27A2}.Debug|Any CPU.ActiveCfg = Debug|Any CPU
		{ABD8D603-8BAA-48AB-BBE3-C128075B27A2}.Debug|Any CPU.Build.0 = Debug|Any CPU
		{ABD8D603-8BAA-48AB-BBE3-C128075B27A2}.Release|Any CPU.ActiveCfg = Release|Any CPU
		{ABD8D603-8BAA-48AB-BBE3-C128075B27A2}.Release|Any CPU.Build.0 = Release|Any CPU
		{9654391D-4742-4963-BF74-BD407FA072FB}.Debug|Any CPU.ActiveCfg = Debug|Any CPU
		{9654391D-4742-4963-BF74-BD407FA072FB}.Debug|Any CPU.Build.0 = Debug|Any CPU
		{9654391D-4742-4963-BF74-BD407FA072FB}.Release|Any CPU.ActiveCfg = Release|Any CPU
		{9654391D-4742-4963-BF74-BD407FA072FB}.Release|Any CPU.Build.0 = Release|Any CPU
	EndGlobalSection
	GlobalSection(SolutionProperties) = preSolution
		HideSolutionNode = FALSE
	EndGlobalSection
	GlobalSection(ExtensibilityGlobals) = postSolution
		SolutionGuid = {88A704F6-5D02-459E-A09D-0ED32C9D79F0}
	EndGlobalSection
EndGlobal
